
Microsoft Visual Studio Solution File, Format Version 12.00
# Visual Studio Version 17
VisualStudioVersion = 17.1.32407.343
MinimumVisualStudioVersion = 10.0.40219.1
Project("{FAE04EC0-301F-11D3-BF4B-00C04F79EFBC}") = "Tinh_aB", "winform1\Tinh_aB.csproj", "{5BA01501-99FF-4026-A040-11E25EBA1C03}"
EndProject
Project("{FAE04EC0-301F-11D3-BF4B-00C04F79EFBC}") = "Thong_tin_user", "Thong_tin_user\Thong_tin_user.csproj", "{33D1850F-03F1-45DC-8468-CDEF47CAB35A}"
EndProject
Project("{FAE04EC0-301F-11D3-BF4B-00C04F79EFBC}") = "test", "test\test.csproj", "{558F0786-9B43-4243-AE23-8FBE09FCA261}"
EndProject
Project("{FAE04EC0-301F-11D3-BF4B-00C04F79EFBC}") = "B1_TH7", "B1_TH7\B1_TH7.csproj", "{333C4985-A7D2-43AF-B311-AE0F43448F40}"
EndProject
Project("{FAE04EC0-301F-11D3-BF4B-00C04F79EFBC}") = "B2_TH7", "B2_TH7\B2_TH7.csproj", "{00DF8220-722D-4F57-96AE-C0ACB51E4370}"
EndProject
Project("{FAE04EC0-301F-11D3-BF4B-00C04F79EFBC}") = "BT_qlySinhVien", "BT_qlySinhVien\BT_qlySinhVien.csproj", "{1603EBB0-3215-4F57-81EB-BAD1BCEAFDC4}"
EndProject
Project("{FAE04EC0-301F-11D3-BF4B-00C04F79EFBC}") = "Caculator", "Caculator\Caculator.csproj", "{5525597F-A234-4A2F-BBD3-F08B3161F206}"
EndProject
Project("{FAE04EC0-301F-11D3-BF4B-00C04F79EFBC}") = "BTTH04_2", "BTTH04_2\BTTH04_2.csproj", "{7F7D6310-77F3-4DDA-9CB3-1AA256A69A6E}"
EndProject
Project("{2150E333-8FDC-42A3-9474-1A3956D46DE8}") = "BTTH04", "BTTH04", "{59C29FC9-554D-41F5-828A-684BDACF2045}"
EndProject
Project("{FAE04EC0-301F-11D3-BF4B-00C04F79EFBC}") = "BTTH04_01", "BTTH04_01\BTTH04_01.csproj", "{83BE8FB6-B8C9-4265-90AC-DB23BF740D66}"
EndProject
Project("{FAE04EC0-301F-11D3-BF4B-00C04F79EFBC}") = "testBTTH04", "testBTTH04\testBTTH04.csproj", "{CC4B15BF-CEF6-4BF3-A613-6DF722D19359}"
EndProject
Project("{FAE04EC0-301F-11D3-BF4B-00C04F79EFBC}") = "BTTH04_03", "BTTH04_03\BTTH04_03.csproj", "{B4533CF0-9C78-4947-AB5B-C88CD1838835}"
EndProject
Project("{FAE04EC0-301F-11D3-BF4B-00C04F79EFBC}") = "BTTH04_04", "BTTH04_04\BTTH04_04.csproj", "{360243C4-E93A-4F27-B159-BA5C49B02512}"
EndProject
Project("{FAE04EC0-301F-11D3-BF4B-00C04F79EFBC}") = "BTTH04_5", "BTTH04_5\BTTH04_5.csproj", "{2F8556A8-9B6C-46D5-B574-5289E70C3F97}"
EndProject
Project("{FAE04EC0-301F-11D3-BF4B-00C04F79EFBC}") = "TestUser", "TestUser\TestUser.csproj", "{9D565EBC-0D6D-41CB-8158-38A09BE719D1}"
EndProject
Project("{FAE04EC0-301F-11D3-BF4B-00C04F79EFBC}") = "BTTH04-9", "BTTH04-9\BTTH04-9.csproj", "{9133E7F3-BC89-4EFE-8E20-3D5483AD974A}"
EndProject
Project("{FAE04EC0-301F-11D3-BF4B-00C04F79EFBC}") = "mayTinh", "mayTinh\mayTinh.csproj", "{3CAF73AB-3372-4317-A4B2-1CE9DDE0DFE9}"
EndProject
Project("{FAE04EC0-301F-11D3-BF4B-00C04F79EFBC}") = "Test_QL", "Test_QL\Test_QL.csproj", "{773425B3-00CD-4859-B508-CB616AA4B5C8}"
EndProject
Project("{FAE04EC0-301F-11D3-BF4B-00C04F79EFBC}") = "test04", "test04\test04.csproj", "{7A37CFDF-5DC7-4815-ADF3-5CE2D8DCA099}"
EndProject
Project("{FAE04EC0-301F-11D3-BF4B-00C04F79EFBC}") = "Mtest2", "Mtest2\Mtest2.csproj", "{5E98C101-78E4-4EB4-B271-8A58506DB9E0}"
EndProject
Global
	GlobalSection(SolutionConfigurationPlatforms) = preSolution
		Debug|Any CPU = Debug|Any CPU
		Release|Any CPU = Release|Any CPU
	EndGlobalSection
	GlobalSection(ProjectConfigurationPlatforms) = postSolution
		{5BA01501-99FF-4026-A040-11E25EBA1C03}.Debug|Any CPU.ActiveCfg = Debug|Any CPU
		{5BA01501-99FF-4026-A040-11E25EBA1C03}.Debug|Any CPU.Build.0 = Debug|Any CPU
		{5BA01501-99FF-4026-A040-11E25EBA1C03}.Release|Any CPU.ActiveCfg = Release|Any CPU
		{5BA01501-99FF-4026-A040-11E25EBA1C03}.Release|Any CPU.Build.0 = Release|Any CPU
		{33D1850F-03F1-45DC-8468-CDEF47CAB35A}.Debug|Any CPU.ActiveCfg = Debug|Any CPU
		{33D1850F-03F1-45DC-8468-CDEF47CAB35A}.Debug|Any CPU.Build.0 = Debug|Any CPU
		{33D1850F-03F1-45DC-8468-CDEF47CAB35A}.Release|Any CPU.ActiveCfg = Release|Any CPU
		{33D1850F-03F1-45DC-8468-CDEF47CAB35A}.Release|Any CPU.Build.0 = Release|Any CPU
		{558F0786-9B43-4243-AE23-8FBE09FCA261}.Debug|Any CPU.ActiveCfg = Debug|Any CPU
		{558F0786-9B43-4243-AE23-8FBE09FCA261}.Debug|Any CPU.Build.0 = Debug|Any CPU
		{558F0786-9B43-4243-AE23-8FBE09FCA261}.Release|Any CPU.ActiveCfg = Release|Any CPU
		{558F0786-9B43-4243-AE23-8FBE09FCA261}.Release|Any CPU.Build.0 = Release|Any CPU
		{333C4985-A7D2-43AF-B311-AE0F43448F40}.Debug|Any CPU.ActiveCfg = Debug|Any CPU
		{333C4985-A7D2-43AF-B311-AE0F43448F40}.Debug|Any CPU.Build.0 = Debug|Any CPU
		{333C4985-A7D2-43AF-B311-AE0F43448F40}.Release|Any CPU.ActiveCfg = Release|Any CPU
		{333C4985-A7D2-43AF-B311-AE0F43448F40}.Release|Any CPU.Build.0 = Release|Any CPU
		{00DF8220-722D-4F57-96AE-C0ACB51E4370}.Debug|Any CPU.ActiveCfg = Debug|Any CPU
		{00DF8220-722D-4F57-96AE-C0ACB51E4370}.Debug|Any CPU.Build.0 = Debug|Any CPU
		{00DF8220-722D-4F57-96AE-C0ACB51E4370}.Release|Any CPU.ActiveCfg = Release|Any CPU
		{00DF8220-722D-4F57-96AE-C0ACB51E4370}.Release|Any CPU.Build.0 = Release|Any CPU
		{1603EBB0-3215-4F57-81EB-BAD1BCEAFDC4}.Debug|Any CPU.ActiveCfg = Debug|Any CPU
		{1603EBB0-3215-4F57-81EB-BAD1BCEAFDC4}.Debug|Any CPU.Build.0 = Debug|Any CPU
		{1603EBB0-3215-4F57-81EB-BAD1BCEAFDC4}.Release|Any CPU.ActiveCfg = Release|Any CPU
		{1603EBB0-3215-4F57-81EB-BAD1BCEAFDC4}.Release|Any CPU.Build.0 = Release|Any CPU
		{5525597F-A234-4A2F-BBD3-F08B3161F206}.Debug|Any CPU.ActiveCfg = Debug|Any CPU
		{5525597F-A234-4A2F-BBD3-F08B3161F206}.Debug|Any CPU.Build.0 = Debug|Any CPU
		{5525597F-A234-4A2F-BBD3-F08B3161F206}.Release|Any CPU.ActiveCfg = Release|Any CPU
		{5525597F-A234-4A2F-BBD3-F08B3161F206}.Release|Any CPU.Build.0 = Release|Any CPU
		{7F7D6310-77F3-4DDA-9CB3-1AA256A69A6E}.Debug|Any CPU.ActiveCfg = Debug|Any CPU
		{7F7D6310-77F3-4DDA-9CB3-1AA256A69A6E}.Debug|Any CPU.Build.0 = Debug|Any CPU
		{7F7D6310-77F3-4DDA-9CB3-1AA256A69A6E}.Release|Any CPU.ActiveCfg = Release|Any CPU
		{7F7D6310-77F3-4DDA-9CB3-1AA256A69A6E}.Release|Any CPU.Build.0 = Release|Any CPU
		{83BE8FB6-B8C9-4265-90AC-DB23BF740D66}.Debug|Any CPU.ActiveCfg = Debug|Any CPU
		{83BE8FB6-B8C9-4265-90AC-DB23BF740D66}.Debug|Any CPU.Build.0 = Debug|Any CPU
		{83BE8FB6-B8C9-4265-90AC-DB23BF740D66}.Release|Any CPU.ActiveCfg = Release|Any CPU
		{83BE8FB6-B8C9-4265-90AC-DB23BF740D66}.Release|Any CPU.Build.0 = Release|Any CPU
		{CC4B15BF-CEF6-4BF3-A613-6DF722D19359}.Debug|Any CPU.ActiveCfg = Debug|Any CPU
		{CC4B15BF-CEF6-4BF3-A613-6DF722D19359}.Debug|Any CPU.Build.0 = Debug|Any CPU
		{CC4B15BF-CEF6-4BF3-A613-6DF722D19359}.Release|Any CPU.ActiveCfg = Release|Any CPU
		{CC4B15BF-CEF6-4BF3-A613-6DF722D19359}.Release|Any CPU.Build.0 = Release|Any CPU
		{B4533CF0-9C78-4947-AB5B-C88CD1838835}.Debug|Any CPU.ActiveCfg = Debug|Any CPU
		{B4533CF0-9C78-4947-AB5B-C88CD1838835}.Debug|Any CPU.Build.0 = Debug|Any CPU
		{B4533CF0-9C78-4947-AB5B-C88CD1838835}.Release|Any CPU.ActiveCfg = Release|Any CPU
		{B4533CF0-9C78-4947-AB5B-C88CD1838835}.Release|Any CPU.Build.0 = Release|Any CPU
		{360243C4-E93A-4F27-B159-BA5C49B02512}.Debug|Any CPU.ActiveCfg = Debug|Any CPU
		{360243C4-E93A-4F27-B159-BA5C49B02512}.Debug|Any CPU.Build.0 = Debug|Any CPU
		{360243C4-E93A-4F27-B159-BA5C49B02512}.Release|Any CPU.ActiveCfg = Release|Any CPU
		{360243C4-E93A-4F27-B159-BA5C49B02512}.Release|Any CPU.Build.0 = Release|Any CPU
		{2F8556A8-9B6C-46D5-B574-5289E70C3F97}.Debug|Any CPU.ActiveCfg = Debug|Any CPU
		{2F8556A8-9B6C-46D5-B574-5289E70C3F97}.Debug|Any CPU.Build.0 = Debug|Any CPU
		{2F8556A8-9B6C-46D5-B574-5289E70C3F97}.Release|Any CPU.ActiveCfg = Release|Any CPU
		{2F8556A8-9B6C-46D5-B574-5289E70C3F97}.Release|Any CPU.Build.0 = Release|Any CPU
		{9D565EBC-0D6D-41CB-8158-38A09BE719D1}.Debug|Any CPU.ActiveCfg = Debug|Any CPU
		{9D565EBC-0D6D-41CB-8158-38A09BE719D1}.Debug|Any CPU.Build.0 = Debug|Any CPU
		{9D565EBC-0D6D-41CB-8158-38A09BE719D1}.Release|Any CPU.ActiveCfg = Release|Any CPU
		{9D565EBC-0D6D-41CB-8158-38A09BE719D1}.Release|Any CPU.Build.0 = Release|Any CPU
		{9133E7F3-BC89-4EFE-8E20-3D5483AD974A}.Debug|Any CPU.ActiveCfg = Debug|Any CPU
		{9133E7F3-BC89-4EFE-8E20-3D5483AD974A}.Debug|Any CPU.Build.0 = Debug|Any CPU
		{9133E7F3-BC89-4EFE-8E20-3D5483AD974A}.Release|Any CPU.ActiveCfg = Release|Any CPU
		{9133E7F3-BC89-4EFE-8E20-3D5483AD974A}.Release|Any CPU.Build.0 = Release|Any CPU
		{3CAF73AB-3372-4317-A4B2-1CE9DDE0DFE9}.Debug|Any CPU.ActiveCfg = Debug|Any CPU
		{3CAF73AB-3372-4317-A4B2-1CE9DDE0DFE9}.Debug|Any CPU.Build.0 = Debug|Any CPU
		{3CAF73AB-3372-4317-A4B2-1CE9DDE0DFE9}.Release|Any CPU.ActiveCfg = Release|Any CPU
		{3CAF73AB-3372-4317-A4B2-1CE9DDE0DFE9}.Release|Any CPU.Build.0 = Release|Any CPU
		{773425B3-00CD-4859-B508-CB616AA4B5C8}.Debug|Any CPU.ActiveCfg = Debug|Any CPU
		{773425B3-00CD-4859-B508-CB616AA4B5C8}.Debug|Any CPU.Build.0 = Debug|Any CPU
		{773425B3-00CD-4859-B508-CB616AA4B5C8}.Release|Any CPU.ActiveCfg = Release|Any CPU
		{773425B3-00CD-4859-B508-CB616AA4B5C8}.Release|Any CPU.Build.0 = Release|Any CPU
		{7A37CFDF-5DC7-4815-ADF3-5CE2D8DCA099}.Debug|Any CPU.ActiveCfg = Debug|Any CPU
		{7A37CFDF-5DC7-4815-ADF3-5CE2D8DCA099}.Debug|Any CPU.Build.0 = Debug|Any CPU
		{7A37CFDF-5DC7-4815-ADF3-5CE2D8DCA099}.Release|Any CPU.ActiveCfg = Release|Any CPU
		{7A37CFDF-5DC7-4815-ADF3-5CE2D8DCA099}.Release|Any CPU.Build.0 = Release|Any CPU
		{5E98C101-78E4-4EB4-B271-8A58506DB9E0}.Debug|Any CPU.ActiveCfg = Debug|Any CPU
		{5E98C101-78E4-4EB4-B271-8A58506DB9E0}.Debug|Any CPU.Build.0 = Debug|Any CPU
		{5E98C101-78E4-4EB4-B271-8A58506DB9E0}.Release|Any CPU.ActiveCfg = Release|Any CPU
		{5E98C101-78E4-4EB4-B271-8A58506DB9E0}.Release|Any CPU.Build.0 = Release|Any CPU
	EndGlobalSection
	GlobalSection(SolutionProperties) = preSolution
		HideSolutionNode = FALSE
	EndGlobalSection
	GlobalSection(NestedProjects) = preSolution
		{7F7D6310-77F3-4DDA-9CB3-1AA256A69A6E} = {59C29FC9-554D-41F5-828A-684BDACF2045}
		{83BE8FB6-B8C9-4265-90AC-DB23BF740D66} = {59C29FC9-554D-41F5-828A-684BDACF2045}
		{CC4B15BF-CEF6-4BF3-A613-6DF722D19359} = {59C29FC9-554D-41F5-828A-684BDACF2045}
		{B4533CF0-9C78-4947-AB5B-C88CD1838835} = {59C29FC9-554D-41F5-828A-684BDACF2045}
		{360243C4-E93A-4F27-B159-BA5C49B02512} = {59C29FC9-554D-41F5-828A-684BDACF2045}
		{2F8556A8-9B6C-46D5-B574-5289E70C3F97} = {59C29FC9-554D-41F5-828A-684BDACF2045}
		{9133E7F3-BC89-4EFE-8E20-3D5483AD974A} = {59C29FC9-554D-41F5-828A-684BDACF2045}
		{7A37CFDF-5DC7-4815-ADF3-5CE2D8DCA099} = {59C29FC9-554D-41F5-828A-684BDACF2045}
	EndGlobalSection
	GlobalSection(ExtensibilityGlobals) = postSolution
		SolutionGuid = {FAF2BE1B-5B55-4957-9CDA-7506DF68D54E}
	EndGlobalSection
EndGlobal
